PODS:
  - AppVersionMonitor (1.4.0)
  - IQDropDownTextField (2.0)
  - PKHUD (5.3.0)
  - R.swift (5.2.2):
    - R.swift.Library (~> 5.2.0)
  - R.swift.Library (5.2.0)
  - Sourcery (0.18.0)
  - SwiftLint (0.39.2)
  - WUEnvironment (1.0.0)

DEPENDENCIES:
  - AppVersionMonitor (= 1.4.0)
  - IQDropDownTextField (= 2.0)
  - PKHUD
  - R.swift (= 5.2.2)
  - Sourcery (= 0.18.0)
  - SwiftLint (= 0.39.2)
  - WUEnvironment (from `https://github.com/wundercar/environment-ios.git`, branch `develop`)

SPEC REPOS:
  https://github.com/CocoaPods/Specs.git:
    - AppVersionMonitor
    - IQDropDownTextField
    - PKHUD
    - R.swift
    - R.swift.Library
    - Sourcery
    - SwiftLint

EXTERNAL SOURCES:
  WUEnvironment:
    :branch: develop
    :git: https://github.com/wundercar/environment-ios.git

CHECKOUT OPTIONS:
  WUEnvironment:
    :commit: 1ab1a33d8a506a25097b8a32a48c43436dac772f
    :git: https://github.com/wundercar/environment-ios.git

SPEC CHECKSUMS:
  AppVersionMonitor: 0227cbd70c78b787190afd5e959c0280718bac8e
  IQDropDownTextField: 79293d19042b6f2ee6f02decf4a0e68e59e4f327
  PKHUD: 98f3e4bc904b9c916f1c5bb6d765365b5357291b
  R.swift: 7c52cdc57a66840ffe6cbd8a823d732059d42a32
  R.swift.Library: 5ba4f1631300caf9a4d890186930da85d540769d
  Sourcery: e0e8658a1ce6d9f475156ad3ffce4c68f1261b3e
  SwiftLint: 22ccbbe3b8008684be5955693bab135e0ed6a447
  WUEnvironment: cde7b59a20972a84f313bfc007cfb5f4133ed8c9

PODFILE CHECKSUM: 82be77eed3490ae059a8cd86ed03d3bab3fa240d

COCOAPODS: 1.8.4
