PODS:
  - AppVersionMonitor (1.4.0)
  - IQDropDownTextField (2.0)
  - PKHUD (5.3.0)
  - R.swift (5.4.0):
    - R.swift.Library (~> 5.3.0)
  - R.swift.Library (5.3.0)
  - Sourcery (1.6.0)
  - SwiftLint (0.39.2)
  - WUEnvironment (1.0.0)

DEPENDENCIES:
  - AppVersionMonitor (= 1.4.0)
  - IQDropDownTextField (= 2.0)
  - PKHUD
  - R.swift (= 5.4.0)
  - Sourcery (= 1.6.0)
  - SwiftLint (= 0.39.2)
  - WUEnvironment (from `https://github.com/wundercar/environment-ios.git`, branch `develop`)

SPEC REPOS:
  https://github.com/CocoaPods/Specs.git:
    - AppVersionMonitor
    - IQDropDownTextField
    - PKHUD
    - R.swift
    - R.swift.Library
    - Sourcery
    - SwiftLint

EXTERNAL SOURCES:
  WUEnvironment:
    :branch: develop
    :git: https://github.com/wundercar/environment-ios.git

CHECKOUT OPTIONS:
  WUEnvironment:
    :commit: 1ab1a33d8a506a25097b8a32a48c43436dac772f
    :git: https://github.com/wundercar/environment-ios.git

SPEC CHECKSUMS:
  AppVersionMonitor: 0227cbd70c78b787190afd5e959c0280718bac8e
  IQDropDownTextField: 79293d19042b6f2ee6f02decf4a0e68e59e4f327
  PKHUD: 98f3e4bc904b9c916f1c5bb6d765365b5357291b
  R.swift: c533450b0f7dc494e0993f5f1a1db925d84c3006
  R.swift.Library: 0fc583cb55a99e28901299cc451614cad1161962
  Sourcery: 744f43178637c79bf23127dfe34e2103b3f28499
  SwiftLint: 22ccbbe3b8008684be5955693bab135e0ed6a447
  WUEnvironment: cde7b59a20972a84f313bfc007cfb5f4133ed8c9

PODFILE CHECKSUM: 84c4d86fbdfab438870bcdee2368089fd0fda5bf

COCOAPODS: 1.11.2
