{
  "object": {
    "pins": [
      {
        "package": "IQKeyboardManagerSwift",
        "repositoryURL": "https://github.com/hackiftekhar/IQKeyboardManager",
        "state": {
          "branch": null,
          "revision": "474f849accae40fe61b5302d9b057dd48ee073ba",
          "version": "6.5.9"
        }
      },
      {
        "package": "Kingfisher",
        "repositoryURL": "https://github.com/onevcat/Kingfisher",
        "state": {
          "branch": null,
          "revision": "0c02c46cfdc0656ce74fd0963a75e5000a0b7f23",
          "version": "7.1.2"
        }
      },
      {
        "package": "Log",
        "repositoryURL": "https://github.com/vCrespoP/log-ios",
        "state": {
          "branch": null,
          "revision": "06b60932a4f04d5b9ff6f6e54ad4c80c726ce064",
          "version": "1.0.0"
        }
      },
      {
        "package": "VCNetworkKit",
        "repositoryURL": "https://github.com/vCrespoP/VCNetworkKit.git",
        "state": {
          "branch": null,
          "revision": "082117189607400db638809992282ff4b43bd4e2",
          "version": "1.0.0"
        }
      }
    ]
  },
  "version": 1
}
