{
  "originHash" : "ec59edaeaf899461da4a1b3ca1c741a647c0cb1edc8ea6a5603d71cc70a9f014",
  "pins" : [
    {
      "identity" : "r.swift.library",
      "kind" : "remoteSourceControl",
      "location" : "https://github.com/mac-cain13/R.swift.Library",
      "state" : {
        "revision" : "8998cfe77f4fce79ee6dfab0c88a7d551659d8fb",
        "version" : "5.4.0"
      }
    }
  ],
  "version" : 3
}
