{
  "object": {
    "pins": [
      {
        "package": "IQKeyboardManagerSwift",
        "repositoryURL": "https://github.com/hackiftekhar/IQKeyboardManager",
        "state": {
          "branch": null,
          "revision": "b0f0a127cca6bb39378447baa2afff74123abd09",
          "version": "6.5.5"
        }
      },
      {
        "package": "Kingfisher",
        "repositoryURL": "https://github.com/onevcat/Kingfisher",
        "state": {
          "branch": null,
          "revision": "910d808ade2a576e1a292ceb458a6fa43f67f594",
          "version": "5.14.0"
        }
      },
      {
        "package": "Log",
        "repositoryURL": "https://github.com/vCrespoP/log-ios",
        "state": {
          "branch": null,
          "revision": "06b60932a4f04d5b9ff6f6e54ad4c80c726ce064",
          "version": "1.0.0"
        }
      },
      {
        "package": "VCNetworkKit",
        "repositoryURL": "https://github.com/vCrespoP/VCNetworkKit.git",
        "state": {
          "branch": null,
          "revision": "082117189607400db638809992282ff4b43bd4e2",
          "version": "1.0.0"
        }
      }
    ]
  },
  "version": 1
}
